// !$*UTF8*$!
{
	archiveVersion = 1;
	classes = {
	};
	objectVersion = 56;
	objects = {

/* Begin PBXBuildFile section */
		76023C212B4DB6CC00470439 /* Theme.swift in Sources */ = {isa = PBXBuildFile; fileRef = 76023C202B4DB6CC00470439 /* Theme.swift */; };
		76023C232B4E696B00470439 /* DailyScrum.swift in Sources */ = {isa = PBXBuildFile; fileRef = 76023C222B4E696A00470439 /* DailyScrum.swift */; };
		760D46FD2B7D3C13009F324B /* CardView.swift in Sources */ = {isa = PBXBuildFile; fileRef = 760D46FC2B7D3C13009F324B /* CardView.swift */; };
		760D46FF2B7E1715009F324B /* LabelStyle.swift in Sources */ = {isa = PBXBuildFile; fileRef = 760D46FE2B7E1715009F324B /* LabelStyle.swift */; };
		760D47012B7E4637009F324B /* ScrumsView.swift in Sources */ = {isa = PBXBuildFile; fileRef = 760D47002B7E4637009F324B /* ScrumsView.swift */; };
		7622FAB32B80994E00431804 /* DetailView.swift in Sources */ = {isa = PBXBuildFile; fileRef = 7622FAB22B80994E00431804 /* DetailView.swift */; };
		7622FAB52B82481500431804 /* DetailEditView.swift in Sources */ = {isa = PBXBuildFile; fileRef = 7622FAB42B82481500431804 /* DetailEditView.swift */; };
		7629B0912B9649350005CAF6 /* MeetingFooterView.swift in Sources */ = {isa = PBXBuildFile; fileRef = 7629B0902B9649350005CAF6 /* MeetingFooterView.swift */; };
		76319D0B2B9CDD23003ADB67 /* ScrumStore.swift in Sources */ = {isa = PBXBuildFile; fileRef = 76319D0A2B9CDD23003ADB67 /* ScrumStore.swift */; };
		765105962BAA0CAD00F01BDC /* MeetingTimerView.swift in Sources */ = {isa = PBXBuildFile; fileRef = 765105952BAA0CAD00F01BDC /* MeetingTimerView.swift */; };
		765741562B83D03B00A6620F /* ThemeView.swift in Sources */ = {isa = PBXBuildFile; fileRef = 765741552B83D03B00A6620F /* ThemeView.swift */; };
		765741582B83D15700A6620F /* ThemePicker.swift in Sources */ = {isa = PBXBuildFile; fileRef = 765741572B83D15700A6620F /* ThemePicker.swift */; };
		766390C22B8916BA0017FAC2 /* MeetingHeaderView.swift in Sources */ = {isa = PBXBuildFile; fileRef = 766390C12B8916BA0017FAC2 /* MeetingHeaderView.swift */; };
		766913842BA8BEF000477E0E /* ErrorWrapper.swift in Sources */ = {isa = PBXBuildFile; fileRef = 766913832BA8BEF000477E0E /* ErrorWrapper.swift */; };
		766913862BA8BF4D00477E0E /* ErrorView.swift in Sources */ = {isa = PBXBuildFile; fileRef = 766913852BA8BF4D00477E0E /* ErrorView.swift */; };
		766BBA902B8B9B1C00656F7F /* ScrumProgressViewStyle.swift in Sources */ = {isa = PBXBuildFile; fileRef = 766BBA8F2B8B9B1C00656F7F /* ScrumProgressViewStyle.swift */; };
		766BBA922B8BBD6B00656F7F /* ScrumTimer.swift in Sources */ = {isa = PBXBuildFile; fileRef = 766BBA912B8BBD6B00656F7F /* ScrumTimer.swift */; };
		768314782AAFF8A50063BE64 /* ScrumdingerApp.swift in Sources */ = {isa = PBXBuildFile; fileRef = 768314772AAFF8A50063BE64 /* ScrumdingerApp.swift */; };
		7683147A2AAFF8A50063BE64 /* MeetingView.swift in Sources */ = {isa = PBXBuildFile; fileRef = 768314792AAFF8A50063BE64 /* MeetingView.swift */; };
		7683147C2AAFF8A70063BE64 /* Assets.xcassets in Resources */ = {isa = PBXBuildFile; fileRef = 7683147B2AAFF8A70063BE64 /* Assets.xcassets */; };
		7683147F2AAFF8A70063BE64 /* Preview Assets.xcassets in Resources */ = {isa = PBXBuildFile; fileRef = 7683147E2AAFF8A70063BE64 /* Preview Assets.xcassets */; };
		7698AF8F2B9B6B080063B8FF /* NewScrumSheet.swift in Sources */ = {isa = PBXBuildFile; fileRef = 7698AF8E2B9B6B080063B8FF /* NewScrumSheet.swift */; };
		7698AF912B9B88930063B8FF /* History.swift in Sources */ = {isa = PBXBuildFile; fileRef = 7698AF902B9B88930063B8FF /* History.swift */; };
		76FB2B5E2B98E909003FEED6 /* AVPlayer+Ding.swift in Sources */ = {isa = PBXBuildFile; fileRef = 76FB2B5D2B98E909003FEED6 /* AVPlayer+Ding.swift */; };
		76FB2B602B98E91C003FEED6 /* ding.wav in Resources */ = {isa = PBXBuildFile; fileRef = 76FB2B5F2B98E91C003FEED6 /* ding.wav */; };
/* End PBXBuildFile section */

/* Begin PBXFileReference section */
		76023C202B4DB6CC00470439 /* Theme.swift */ = {isa = PBXFileReference; lastKnownFileType = sourcecode.swift; path = Theme.swift; sourceTree = "<group>"; };
		76023C222B4E696A00470439 /* DailyScrum.swift */ = {isa = PBXFileReference; lastKnownFileType = sourcecode.swift; path = DailyScrum.swift; sourceTree = "<group>"; };
		760D46FC2B7D3C13009F324B /* CardView.swift */ = {isa = PBXFileReference; lastKnownFileType = sourcecode.swift; path = CardView.swift; sourceTree = "<group>"; };
		760D46FE2B7E1715009F324B /* LabelStyle.swift */ = {isa = PBXFileReference; lastKnownFileType = sourcecode.swift; path = LabelStyle.swift; sourceTree = "<group>"; };
		760D47002B7E4637009F324B /* ScrumsView.swift */ = {isa = PBXFileReference; lastKnownFileType = sourcecode.swift; path = ScrumsView.swift; sourceTree = "<group>"; };
		7622FAB22B80994E00431804 /* DetailView.swift */ = {isa = PBXFileReference; lastKnownFileType = sourcecode.swift; path = DetailView.swift; sourceTree = "<group>"; };
		7622FAB42B82481500431804 /* DetailEditView.swift */ = {isa = PBXFileReference; lastKnownFileType = sourcecode.swift; path = DetailEditView.swift; sourceTree = "<group>"; };
		7629B0902B9649350005CAF6 /* MeetingFooterView.swift */ = {isa = PBXFileReference; lastKnownFileType = sourcecode.swift; path = MeetingFooterView.swift; sourceTree = "<group>"; };
		76319D0A2B9CDD23003ADB67 /* ScrumStore.swift */ = {isa = PBXFileReference; lastKnownFileType = sourcecode.swift; path = ScrumStore.swift; sourceTree = "<group>"; };
		765105952BAA0CAD00F01BDC /* MeetingTimerView.swift */ = {isa = PBXFileReference; lastKnownFileType = sourcecode.swift; path = MeetingTimerView.swift; sourceTree = "<group>"; };
		765741552B83D03B00A6620F /* ThemeView.swift */ = {isa = PBXFileReference; lastKnownFileType = sourcecode.swift; path = ThemeView.swift; sourceTree = "<group>"; };
		765741572B83D15700A6620F /* ThemePicker.swift */ = {isa = PBXFileReference; lastKnownFileType = sourcecode.swift; path = ThemePicker.swift; sourceTree = "<group>"; };
		766390C12B8916BA0017FAC2 /* MeetingHeaderView.swift */ = {isa = PBXFileReference; lastKnownFileType = sourcecode.swift; path = MeetingHeaderView.swift; sourceTree = "<group>"; };
		766913832BA8BEF000477E0E /* ErrorWrapper.swift */ = {isa = PBXFileReference; lastKnownFileType = sourcecode.swift; path = ErrorWrapper.swift; sourceTree = "<group>"; };
		766913852BA8BF4D00477E0E /* ErrorView.swift */ = {isa = PBXFileReference; lastKnownFileType = sourcecode.swift; path = ErrorView.swift; sourceTree = "<group>"; };
		766BBA8F2B8B9B1C00656F7F /* ScrumProgressViewStyle.swift */ = {isa = PBXFileReference; lastKnownFileType = sourcecode.swift; path = ScrumProgressViewStyle.swift; sourceTree = "<group>"; };
		766BBA912B8BBD6B00656F7F /* ScrumTimer.swift */ = {isa = PBXFileReference; fileEncoding = 4; lastKnownFileType = sourcecode.swift; path = ScrumTimer.swift; sourceTree = "<group>"; };
		768314742AAFF8A50063BE64 /* Scrumdinger.app */ = {isa = PBXFileReference; explicitFileType = wrapper.application; includeInIndex = 0; path = Scrumdinger.app; sourceTree = BUILT_PRODUCTS_DIR; };
		768314772AAFF8A50063BE64 /* ScrumdingerApp.swift */ = {isa = PBXFileReference; lastKnownFileType = sourcecode.swift; path = ScrumdingerApp.swift; sourceTree = "<group>"; };
		768314792AAFF8A50063BE64 /* MeetingView.swift */ = {isa = PBXFileReference; lastKnownFileType = sourcecode.swift; path = MeetingView.swift; sourceTree = "<group>"; };
		7683147B2AAFF8A70063BE64 /* Assets.xcassets */ = {isa = PBXFileReference; lastKnownFileType = folder.assetcatalog; path = Assets.xcassets; sourceTree = "<group>"; };
		7683147E2AAFF8A70063BE64 /* Preview Assets.xcassets */ = {isa = PBXFileReference; lastKnownFileType = folder.assetcatalog; path = "Preview Assets.xcassets"; sourceTree = "<group>"; };
		7698AF8E2B9B6B080063B8FF /* NewScrumSheet.swift */ = {isa = PBXFileReference; lastKnownFileType = sourcecode.swift; path = NewScrumSheet.swift; sourceTree = "<group>"; };
		7698AF902B9B88930063B8FF /* History.swift */ = {isa = PBXFileReference; lastKnownFileType = sourcecode.swift; path = History.swift; sourceTree = "<group>"; };
		76FB2B5D2B98E909003FEED6 /* AVPlayer+Ding.swift */ = {isa = PBXFileReference; fileEncoding = 4; lastKnownFileType = sourcecode.swift; path = "AVPlayer+Ding.swift"; sourceTree = "<group>"; };
		76FB2B5F2B98E91C003FEED6 /* ding.wav */ = {isa = PBXFileReference; lastKnownFileType = audio.wav; path = ding.wav; sourceTree = "<group>"; };
/* End PBXFileReference section */

/* Begin PBXFrameworksBuildPhase section */
		768314712AAFF8A50063BE64 /* Frameworks */ = {
			isa = PBXFrameworksBuildPhase;
			buildActionMask = 2147483647;
			files = (
			);
			runOnlyForDeploymentPostprocessing = 0;
		};
/* End PBXFrameworksBuildPhase section */

/* Begin PBXGroup section */
		76023C1F2B4DB6B700470439 /* Models */ = {
			isa = PBXGroup;
			children = (
				76FB2B5D2B98E909003FEED6 /* AVPlayer+Ding.swift */,
				76023C202B4DB6CC00470439 /* Theme.swift */,
				76023C222B4E696A00470439 /* DailyScrum.swift */,
				7698AF902B9B88930063B8FF /* History.swift */,
				76319D0A2B9CDD23003ADB67 /* ScrumStore.swift */,
				766913832BA8BEF000477E0E /* ErrorWrapper.swift */,
			);
			path = Models;
			sourceTree = "<group>";
		};
		762C8C702B8672F0009CDAAA /* DetailView */ = {
			isa = PBXGroup;
			children = (
				7622FAB42B82481500431804 /* DetailEditView.swift */,
				7622FAB22B80994E00431804 /* DetailView.swift */,
			);
			path = DetailView;
			sourceTree = "<group>";
		};
		762C8C712B86730D009CDAAA /* Theme */ = {
			isa = PBXGroup;
			children = (
				765741552B83D03B00A6620F /* ThemeView.swift */,
				765741572B83D15700A6620F /* ThemePicker.swift */,
			);
			path = Theme;
			sourceTree = "<group>";
		};
		762C8C722B867324009CDAAA /* MeetingView */ = {
			isa = PBXGroup;
			children = (
				768314792AAFF8A50063BE64 /* MeetingView.swift */,
				766390C12B8916BA0017FAC2 /* MeetingHeaderView.swift */,
				7629B0902B9649350005CAF6 /* MeetingFooterView.swift */,
			);
			path = MeetingView;
			sourceTree = "<group>";
		};
		762C8C732B86733B009CDAAA /* CardView */ = {
			isa = PBXGroup;
			children = (
				760D46FC2B7D3C13009F324B /* CardView.swift */,
			);
			path = CardView;
			sourceTree = "<group>";
		};
		762C8C742B867347009CDAAA /* Views */ = {
			isa = PBXGroup;
			children = (
				762C8C752B86735B009CDAAA /* ScrumsView */,
				762C8C702B8672F0009CDAAA /* DetailView */,
				762C8C732B86733B009CDAAA /* CardView */,
				762C8C722B867324009CDAAA /* MeetingView */,
				766913852BA8BF4D00477E0E /* ErrorView.swift */,
				765105952BAA0CAD00F01BDC /* MeetingTimerView.swift */,
			);
			path = Views;
			sourceTree = "<group>";
		};
		762C8C752B86735B009CDAAA /* ScrumsView */ = {
			isa = PBXGroup;
			children = (
				760D47002B7E4637009F324B /* ScrumsView.swift */,
				7698AF8E2B9B6B080063B8FF /* NewScrumSheet.swift */,
			);
			path = ScrumsView;
			sourceTree = "<group>";
		};
		762C8C762B86737F009CDAAA /* Helpers */ = {
			isa = PBXGroup;
			children = (
				766BBA8F2B8B9B1C00656F7F /* ScrumProgressViewStyle.swift */,
				760D46FE2B7E1715009F324B /* LabelStyle.swift */,
			);
			path = Helpers;
			sourceTree = "<group>";
		};
		7683146B2AAFF8A50063BE64 = {
			isa = PBXGroup;
			children = (
				768314762AAFF8A50063BE64 /* Scrumdinger */,
				768314752AAFF8A50063BE64 /* Products */,
			);
			sourceTree = "<group>";
		};
		768314752AAFF8A50063BE64 /* Products */ = {
			isa = PBXGroup;
			children = (
				768314742AAFF8A50063BE64 /* Scrumdinger.app */,
			);
			name = Products;
			sourceTree = "<group>";
		};
		768314762AAFF8A50063BE64 /* Scrumdinger */ = {
			isa = PBXGroup;
			children = (
				768314772AAFF8A50063BE64 /* ScrumdingerApp.swift */,
				7698AF932B9B90030063B8FF /* ScrumTimer */,
				76023C1F2B4DB6B700470439 /* Models */,
				762C8C712B86730D009CDAAA /* Theme */,
				762C8C742B867347009CDAAA /* Views */,
				762C8C762B86737F009CDAAA /* Helpers */,
				7698AF922B9B8FE60063B8FF /* Resources */,
			);
			path = Scrumdinger;
			sourceTree = "<group>";
		};
		7683147D2AAFF8A70063BE64 /* Preview Content */ = {
			isa = PBXGroup;
			children = (
				7683147E2AAFF8A70063BE64 /* Preview Assets.xcassets */,
			);
			path = "Preview Content";
			sourceTree = "<group>";
		};
		7698AF922B9B8FE60063B8FF /* Resources */ = {
			isa = PBXGroup;
			children = (
				7683147B2AAFF8A70063BE64 /* Assets.xcassets */,
				7683147D2AAFF8A70063BE64 /* Preview Content */,
				76FB2B5F2B98E91C003FEED6 /* ding.wav */,
			);
			path = Resources;
			sourceTree = "<group>";
		};
		7698AF932B9B90030063B8FF /* ScrumTimer */ = {
			isa = PBXGroup;
			children = (
				766BBA912B8BBD6B00656F7F /* ScrumTimer.swift */,
			);
			path = ScrumTimer;
			sourceTree = "<group>";
		};
/* End PBXGroup section */

/* Begin PBXNativeTarget section */
		768314732AAFF8A50063BE64 /* Scrumdinger */ = {
			isa = PBXNativeTarget;
			buildConfigurationList = 768314822AAFF8A70063BE64 /* Build configuration list for PBXNativeTarget "Scrumdinger" */;
			buildPhases = (
				768314702AAFF8A50063BE64 /* Sources */,
				768314712AAFF8A50063BE64 /* Frameworks */,
				768314722AAFF8A50063BE64 /* Resources */,
			);
			buildRules = (
			);
			dependencies = (
			);
			name = Scrumdinger;
			productName = Scrumdinger;
			productReference = 768314742AAFF8A50063BE64 /* Scrumdinger.app */;
			productType = "com.apple.product-type.application";
		};
/* End PBXNativeTarget section */

/* Begin PBXProject section */
		7683146C2AAFF8A50063BE64 /* Project object */ = {
			isa = PBXProject;
			attributes = {
				BuildIndependentTargetsInParallel = 1;
				LastSwiftUpdateCheck = 1420;
				LastUpgradeCheck = 1420;
				TargetAttributes = {
					768314732AAFF8A50063BE64 = {
						CreatedOnToolsVersion = 14.2;
					};
				};
			};
			buildConfigurationList = 7683146F2AAFF8A50063BE64 /* Build configuration list for PBXProject "Scrumdinger" */;
			compatibilityVersion = "Xcode 14.0";
			developmentRegion = en;
			hasScannedForEncodings = 0;
			knownRegions = (
				en,
				Base,
			);
			mainGroup = 7683146B2AAFF8A50063BE64;
			productRefGroup = 768314752AAFF8A50063BE64 /* Products */;
			projectDirPath = "";
			projectRoot = "";
			targets = (
				768314732AAFF8A50063BE64 /* Scrumdinger */,
			);
		};
/* End PBXProject section */

/* Begin PBXResourcesBuildPhase section */
		768314722AAFF8A50063BE64 /* Resources */ = {
			isa = PBXResourcesBuildPhase;
			buildActionMask = 2147483647;
			files = (
				76FB2B602B98E91C003FEED6 /* ding.wav in Resources */,
				7683147F2AAFF8A70063BE64 /* Preview Assets.xcassets in Resources */,
				7683147C2AAFF8A70063BE64 /* Assets.xcassets in Resources */,
			);
			runOnlyForDeploymentPostprocessing = 0;
		};
/* End PBXResourcesBuildPhase section */

/* Begin PBXSourcesBuildPhase section */
		768314702AAFF8A50063BE64 /* Sources */ = {
			isa = PBXSourcesBuildPhase;
			buildActionMask = 2147483647;
			files = (
				7698AF912B9B88930063B8FF /* History.swift in Sources */,
				765741582B83D15700A6620F /* ThemePicker.swift in Sources */,
				766BBA902B8B9B1C00656F7F /* ScrumProgressViewStyle.swift in Sources */,
				7629B0912B9649350005CAF6 /* MeetingFooterView.swift in Sources */,
				766913862BA8BF4D00477E0E /* ErrorView.swift in Sources */,
				766BBA922B8BBD6B00656F7F /* ScrumTimer.swift in Sources */,
				765105962BAA0CAD00F01BDC /* MeetingTimerView.swift in Sources */,
				76023C232B4E696B00470439 /* DailyScrum.swift in Sources */,
				76319D0B2B9CDD23003ADB67 /* ScrumStore.swift in Sources */,
				7622FAB32B80994E00431804 /* DetailView.swift in Sources */,
				766913842BA8BEF000477E0E /* ErrorWrapper.swift in Sources */,
				766390C22B8916BA0017FAC2 /* MeetingHeaderView.swift in Sources */,
				7622FAB52B82481500431804 /* DetailEditView.swift in Sources */,
				7698AF8F2B9B6B080063B8FF /* NewScrumSheet.swift in Sources */,
				76023C212B4DB6CC00470439 /* Theme.swift in Sources */,
				7683147A2AAFF8A50063BE64 /* MeetingView.swift in Sources */,
				760D47012B7E4637009F324B /* ScrumsView.swift in Sources */,
				768314782AAFF8A50063BE64 /* ScrumdingerApp.swift in Sources */,
				760D46FF2B7E1715009F324B /* LabelStyle.swift in Sources */,
				765741562B83D03B00A6620F /* ThemeView.swift in Sources */,
				760D46FD2B7D3C13009F324B /* CardView.swift in Sources */,
				76FB2B5E2B98E909003FEED6 /* AVPlayer+Ding.swift in Sources */,
			);
			runOnlyForDeploymentPostprocessing = 0;
		};
/* End PBXSourcesBuildPhase section */

/* Begin XCBuildConfiguration section */
		768314802AAFF8A70063BE64 /* Debug */ = {
			isa = XCBuildConfiguration;
			buildSettings = {
				ALWAYS_SEARCH_USER_PATHS = NO;
				CLANG_ANALYZER_NONNULL = YES;
				CLANG_ANALYZER_NUMBER_OBJECT_CONVERSION = YES_AGGRESSIVE;
				CLANG_CXX_LANGUAGE_STANDARD = "gnu++20";
				CLANG_ENABLE_MODULES = YES;
				CLANG_ENABLE_OBJC_ARC = YES;
				CLANG_ENABLE_OBJC_WEAK = YES;
				CLANG_WARN_BLOCK_CAPTURE_AUTORELEASING = YES;
				CLANG_WARN_BOOL_CONVERSION = YES;
				CLANG_WARN_COMMA = YES;
				CLANG_WARN_CONSTANT_CONVERSION = YES;
				CLANG_WARN_DEPRECATED_OBJC_IMPLEMENTATIONS = YES;
				CLANG_WARN_DIRECT_OBJC_ISA_USAGE = YES_ERROR;
				CLANG_WARN_DOCUMENTATION_COMMENTS = YES;
				CLANG_WARN_EMPTY_BODY = YES;
				CLANG_WARN_ENUM_CONVERSION = YES;
				CLANG_WARN_INFINITE_RECURSION = YES;
				CLANG_WARN_INT_CONVERSION = YES;
				CLANG_WARN_NON_LITERAL_NULL_CONVERSION = YES;
				CLANG_WARN_OBJC_IMPLICIT_RETAIN_SELF = YES;
				CLANG_WARN_OBJC_LITERAL_CONVERSION = YES;
				CLANG_WARN_OBJC_ROOT_CLASS = YES_ERROR;
				CLANG_WARN_QUOTED_INCLUDE_IN_FRAMEWORK_HEADER = YES;
				CLANG_WARN_RANGE_LOOP_ANALYSIS = YES;
				CLANG_WARN_STRICT_PROTOTYPES = YES;
				CLANG_WARN_SUSPICIOUS_MOVE = YES;
				CLANG_WARN_UNGUARDED_AVAILABILITY = YES_AGGRESSIVE;
				CLANG_WARN_UNREACHABLE_CODE = YES;
				CLANG_WARN__DUPLICATE_METHOD_MATCH = YES;
				COPY_PHASE_STRIP = NO;
				DEBUG_INFORMATION_FORMAT = dwarf;
				ENABLE_STRICT_OBJC_MSGSEND = YES;
				ENABLE_TESTABILITY = YES;
				GCC_C_LANGUAGE_STANDARD = gnu11;
				GCC_DYNAMIC_NO_PIC = NO;
				GCC_NO_COMMON_BLOCKS = YES;
				GCC_OPTIMIZATION_LEVEL = 0;
				GCC_PREPROCESSOR_DEFINITIONS = (
					"DEBUG=1",
					"$(inherited)",
				);
				GCC_WARN_64_TO_32_BIT_CONVERSION = YES;
				GCC_WARN_ABOUT_RETURN_TYPE = YES_ERROR;
				GCC_WARN_UNDECLARED_SELECTOR = YES;
				GCC_WARN_UNINITIALIZED_AUTOS = YES_AGGRESSIVE;
				GCC_WARN_UNUSED_FUNCTION = YES;
				GCC_WARN_UNUSED_VARIABLE = YES;
				IPHONEOS_DEPLOYMENT_TARGET = 16.2;
				MTL_ENABLE_DEBUG_INFO = INCLUDE_SOURCE;
				MTL_FAST_MATH = YES;
				ONLY_ACTIVE_ARCH = YES;
				SDKROOT = iphoneos;
				SWIFT_ACTIVE_COMPILATION_CONDITIONS = DEBUG;
				SWIFT_OPTIMIZATION_LEVEL = "-Onone";
			};
			name = Debug;
		};
		768314812AAFF8A70063BE64 /* Release */ = {
			isa = XCBuildConfiguration;
			buildSettings = {
				ALWAYS_SEARCH_USER_PATHS = NO;
				CLANG_ANALYZER_NONNULL = YES;
				CLANG_ANALYZER_NUMBER_OBJECT_CONVERSION = YES_AGGRESSIVE;
				CLANG_CXX_LANGUAGE_STANDARD = "gnu++20";
				CLANG_ENABLE_MODULES = YES;
				CLANG_ENABLE_OBJC_ARC = YES;
				CLANG_ENABLE_OBJC_WEAK = YES;
				CLANG_WARN_BLOCK_CAPTURE_AUTORELEASING = YES;
				CLANG_WARN_BOOL_CONVERSION = YES;
				CLANG_WARN_COMMA = YES;
				CLANG_WARN_CONSTANT_CONVERSION = YES;
				CLANG_WARN_DEPRECATED_OBJC_IMPLEMENTATIONS = YES;
				CLANG_WARN_DIRECT_OBJC_ISA_USAGE = YES_ERROR;
				CLANG_WARN_DOCUMENTATION_COMMENTS = YES;
				CLANG_WARN_EMPTY_BODY = YES;
				CLANG_WARN_ENUM_CONVERSION = YES;
				CLANG_WARN_INFINITE_RECURSION = YES;
				CLANG_WARN_INT_CONVERSION = YES;
				CLANG_WARN_NON_LITERAL_NULL_CONVERSION = YES;
				CLANG_WARN_OBJC_IMPLICIT_RETAIN_SELF = YES;
				CLANG_WARN_OBJC_LITERAL_CONVERSION = YES;
				CLANG_WARN_OBJC_ROOT_CLASS = YES_ERROR;
				CLANG_WARN_QUOTED_INCLUDE_IN_FRAMEWORK_HEADER = YES;
				CLANG_WARN_RANGE_LOOP_ANALYSIS = YES;
				CLANG_WARN_STRICT_PROTOTYPES = YES;
				CLANG_WARN_SUSPICIOUS_MOVE = YES;
				CLANG_WARN_UNGUARDED_AVAILABILITY = YES_AGGRESSIVE;
				CLANG_WARN_UNREACHABLE_CODE = YES;
				CLANG_WARN__DUPLICATE_METHOD_MATCH = YES;
				COPY_PHASE_STRIP = NO;
				DEBUG_INFORMATION_FORMAT = "dwarf-with-dsym";
				ENABLE_NS_ASSERTIONS = NO;
				ENABLE_STRICT_OBJC_MSGSEND = YES;
				GCC_C_LANGUAGE_STANDARD = gnu11;
				GCC_NO_COMMON_BLOCKS = YES;
				GCC_WARN_64_TO_32_BIT_CONVERSION = YES;
				GCC_WARN_ABOUT_RETURN_TYPE = YES_ERROR;
				GCC_WARN_UNDECLARED_SELECTOR = YES;
				GCC_WARN_UNINITIALIZED_AUTOS = YES_AGGRESSIVE;
				GCC_WARN_UNUSED_FUNCTION = YES;
				GCC_WARN_UNUSED_VARIABLE = YES;
				IPHONEOS_DEPLOYMENT_TARGET = 16.2;
				MTL_ENABLE_DEBUG_INFO = NO;
				MTL_FAST_MATH = YES;
				SDKROOT = iphoneos;
				SWIFT_COMPILATION_MODE = wholemodule;
				SWIFT_OPTIMIZATION_LEVEL = "-O";
				VALIDATE_PRODUCT = YES;
			};
			name = Release;
		};
		768314832AAFF8A70063BE64 /* Debug */ = {
			isa = XCBuildConfiguration;
			buildSettings = {
				ASSETCATALOG_COMPILER_APPICON_NAME = AppIcon;
				ASSETCATALOG_COMPILER_GLOBAL_ACCENT_COLOR_NAME = AccentColor;
				CODE_SIGN_STYLE = Automatic;
				CURRENT_PROJECT_VERSION = 1;
				DEVELOPMENT_ASSET_PATHS = "\"Scrumdinger/Resources/Preview Content\"";
				ENABLE_PREVIEWS = YES;
				GENERATE_INFOPLIST_FILE = YES;
				INFOPLIST_KEY_UIApplicationSceneManifest_Generation = YES;
				INFOPLIST_KEY_UIApplicationSupportsIndirectInputEvents = YES;
				INFOPLIST_KEY_UILaunchScreen_Generation = YES;
				INFOPLIST_KEY_UISupportedInterfaceOrientations_iPad = "UIInterfaceOrientationPortrait UIInterfaceOrientationPortraitUpsideDown UIInterfaceOrientationLandscapeLeft UIInterfaceOrientationLandscapeRight";
				INFOPLIST_KEY_UISupportedInterfaceOrientations_iPhone = "UIInterfaceOrientationPortrait UIInterfaceOrientationLandscapeLeft UIInterfaceOrientationLandscapeRight";
				LD_RUNPATH_SEARCH_PATHS = (
					"$(inherited)",
					"@executable_path/Frameworks",
				);
				MARKETING_VERSION = 1.0;
				PRODUCT_BUNDLE_IDENTIFIER = com.personal.Scrumdinger;
				PRODUCT_NAME = "$(TARGET_NAME)";
				SWIFT_EMIT_LOC_STRINGS = YES;
				SWIFT_VERSION = 5.0;
				TARGETED_DEVICE_FAMILY = "1,2";
			};
			name = Debug;
		};
		768314842AAFF8A70063BE64 /* Release */ = {
			isa = XCBuildConfiguration;
			buildSettings = {
				ASSETCATALOG_COMPILER_APPICON_NAME = AppIcon;
				ASSETCATALOG_COMPILER_GLOBAL_ACCENT_COLOR_NAME = AccentColor;
				CODE_SIGN_STYLE = Automatic;
				CURRENT_PROJECT_VERSION = 1;
				DEVELOPMENT_ASSET_PATHS = "\"Scrumdinger/Resources/Preview Content\"";
				ENABLE_PREVIEWS = YES;
				GENERATE_INFOPLIST_FILE = YES;
				INFOPLIST_KEY_UIApplicationSceneManifest_Generation = YES;
				INFOPLIST_KEY_UIApplicationSupportsIndirectInputEvents = YES;
				INFOPLIST_KEY_UILaunchScreen_Generation = YES;
				INFOPLIST_KEY_UISupportedInterfaceOrientations_iPad = "UIInterfaceOrientationPortrait UIInterfaceOrientationPortraitUpsideDown UIInterfaceOrientationLandscapeLeft UIInterfaceOrientationLandscapeRight";
				INFOPLIST_KEY_UISupportedInterfaceOrientations_iPhone = "UIInterfaceOrientationPortrait UIInterfaceOrientationLandscapeLeft UIInterfaceOrientationLandscapeRight";
				LD_RUNPATH_SEARCH_PATHS = (
					"$(inherited)",
					"@executable_path/Frameworks",
				);
				MARKETING_VERSION = 1.0;
				PRODUCT_BUNDLE_IDENTIFIER = com.personal.Scrumdinger;
				PRODUCT_NAME = "$(TARGET_NAME)";
				SWIFT_EMIT_LOC_STRINGS = YES;
				SWIFT_VERSION = 5.0;
				TARGETED_DEVICE_FAMILY = "1,2";
			};
			name = Release;
		};
/* End XCBuildConfiguration section */

/* Begin XCConfigurationList section */
		7683146F2AAFF8A50063BE64 /* Build configuration list for PBXProject "Scrumdinger" */ = {
			isa = XCConfigurationList;
			buildConfigurations = (
				768314802AAFF8A70063BE64 /* Debug */,
				768314812AAFF8A70063BE64 /* Release */,
			);
			defaultConfigurationIsVisible = 0;
			defaultConfigurationName = Release;
		};
		768314822AAFF8A70063BE64 /* Build configuration list for PBXNativeTarget "Scrumdinger" */ = {
			isa = XCConfigurationList;
			buildConfigurations = (
				768314832AAFF8A70063BE64 /* Debug */,
				768314842AAFF8A70063BE64 /* Release */,
			);
			defaultConfigurationIsVisible = 0;
			defaultConfigurationName = Release;
		};
/* End XCConfigurationList section */
	};
	rootObject = 7683146C2AAFF8A50063BE64 /* Project object */;
}
